
Microsoft Visual Studio Solution File, Format Version 12.00
# Visual Studio Version 17
VisualStudioVersion = 17.5.33530.505
MinimumVisualStudioVersion = 10.0.40219.1
Project("{FAE04EC0-301F-11D3-BF4B-00C04F79EFBC}") = "GoFish", "GoFish\GoFish.csproj", "{E7625639-2F24-4BEC-9C32-02AF09D8CBFB}"
EndProject
Project("{FAE04EC0-301F-11D3-BF4B-00C04F79EFBC}") = "GoFishTests", "GoFishTests\GoFishTests.csproj", "{34703064-4471-47A8-BBD2-B762F53E250A}"
EndProject
Global
	GlobalSection(SolutionConfigurationPlatforms) = preSolution
		Debug|Any CPU = Debug|Any CPU
		Release|Any CPU = Release|Any CPU
	EndGlobalSection
	GlobalSection(ProjectConfigurationPlatforms) = postSolution
		{E7625639-2F24-4BEC-9C32-02AF09D8CBFB}.Debug|Any CPU.ActiveCfg = Debug|Any CPU
		{E7625639-2F24-4BEC-9C32-02AF09D8CBFB}.Debug|Any CPU.Build.0 = Debug|Any CPU
		{E7625639-2F24-4BEC-9C32-02AF09D8CBFB}.Release|Any CPU.ActiveCfg = Release|Any CPU
		{E7625639-2F24-4BEC-9C32-02AF09D8CBFB}.Release|Any CPU.Build.0 = Release|Any CPU
		{34703064-4471-47A8-BBD2-B762F53E250A}.Debug|Any CPU.ActiveCfg = Debug|Any CPU
		{34703064-4471-47A8-BBD2-B762F53E250A}.Debug|Any CPU.Build.0 = Debug|Any CPU
		{34703064-4471-47A8-BBD2-B762F53E250A}.Release|Any CPU.ActiveCfg = Release|Any CPU
		{34703064-4471-47A8-BBD2-B762F53E250A}.Release|Any CPU.Build.0 = Release|Any CPU
	EndGlobalSection
	GlobalSection(SolutionProperties) = preSolution
		HideSolutionNode = FALSE
	EndGlobalSection
	GlobalSection(ExtensibilityGlobals) = postSolution
		SolutionGuid = {CA654CA2-B1B4-4706-8951-0A176099A69B}
	EndGlobalSection
EndGlobal
